
Microsoft Visual Studio Solution File, Format Version 12.00
# Visual Studio Version 17
VisualStudioVersion = 17.3.32929.385
MinimumVisualStudioVersion = 10.0.40219.1
Project("{FAE04EC0-301F-11D3-BF4B-00C04F79EFBC}") = "Lista de Exercicios 3 For", "Lista de Exercicios 3 For\Lista de Exercicios 3 For.csproj", "{3AA435EE-E5EE-439C-B663-ECA901874FC9}"
EndProject
Global
	GlobalSection(SolutionConfigurationPlatforms) = preSolution
		Debug|Any CPU = Debug|Any CPU
		Release|Any CPU = Release|Any CPU
	EndGlobalSection
	GlobalSection(ProjectConfigurationPlatforms) = postSolution
		{3AA435EE-E5EE-439C-B663-ECA901874FC9}.Debug|Any CPU.ActiveCfg = Debug|Any CPU
		{3AA435EE-E5EE-439C-B663-ECA901874FC9}.Debug|Any CPU.Build.0 = Debug|Any CPU
		{3AA435EE-E5EE-439C-B663-ECA901874FC9}.Release|Any CPU.ActiveCfg = Release|Any CPU
		{3AA435EE-E5EE-439C-B663-ECA901874FC9}.Release|Any CPU.Build.0 = Release|Any CPU
	EndGlobalSection
	GlobalSection(SolutionProperties) = preSolution
		HideSolutionNode = FALSE
	EndGlobalSection
	GlobalSection(ExtensibilityGlobals) = postSolution
		SolutionGuid = {471C9538-2A33-4E4A-A2D1-FDD5AE8389ED}
	EndGlobalSection
EndGlobal
