
Microsoft Visual Studio Solution File, Format Version 12.00
# Visual Studio Version 17
VisualStudioVersion = 17.3.32929.385
MinimumVisualStudioVersion = 10.0.40219.1
Project("{FAE04EC0-301F-11D3-BF4B-00C04F79EFBC}") = "Lista Exercicios Vetores", "Lista Exercicios Vetores\Lista Exercicios Vetores.csproj", "{6205F198-0B57-4131-BCEE-3B35C17F4AF4}"
EndProject
Global
	GlobalSection(SolutionConfigurationPlatforms) = preSolution
		Debug|Any CPU = Debug|Any CPU
		Release|Any CPU = Release|Any CPU
	EndGlobalSection
	GlobalSection(ProjectConfigurationPlatforms) = postSolution
		{6205F198-0B57-4131-BCEE-3B35C17F4AF4}.Debug|Any CPU.ActiveCfg = Debug|Any CPU
		{6205F198-0B57-4131-BCEE-3B35C17F4AF4}.Debug|Any CPU.Build.0 = Debug|Any CPU
		{6205F198-0B57-4131-BCEE-3B35C17F4AF4}.Release|Any CPU.ActiveCfg = Release|Any CPU
		{6205F198-0B57-4131-BCEE-3B35C17F4AF4}.Release|Any CPU.Build.0 = Release|Any CPU
	EndGlobalSection
	GlobalSection(SolutionProperties) = preSolution
		HideSolutionNode = FALSE
	EndGlobalSection
	GlobalSection(ExtensibilityGlobals) = postSolution
		SolutionGuid = {3D48B36C-6B85-4ACA-9131-BFC92E6D9A52}
	EndGlobalSection
EndGlobal
